
Microsoft Visual Studio Solution File, Format Version 12.00
# Visual Studio Version 16
VisualStudioVersion = 16.0.32106.194
MinimumVisualStudioVersion = 10.0.40219.1
Project("{FAE04EC0-301F-11D3-BF4B-00C04F79EFBC}") = "019. ketszamnegyzete", "019. ketszamnegyzete\019. ketszamnegyzete.csproj", "{DF11211B-56A9-4149-9EC6-C85A77A78B4B}"
EndProject
Global
	GlobalSection(SolutionConfigurationPlatforms) = preSolution
		Debug|Any CPU = Debug|Any CPU
		Release|Any CPU = Release|Any CPU
	EndGlobalSection
	GlobalSection(ProjectConfigurationPlatforms) = postSolution
		{DF11211B-56A9-4149-9EC6-C85A77A78B4B}.Debug|Any CPU.ActiveCfg = Debug|Any CPU
		{DF11211B-56A9-4149-9EC6-C85A77A78B4B}.Debug|Any CPU.Build.0 = Debug|Any CPU
		{DF11211B-56A9-4149-9EC6-C85A77A78B4B}.Release|Any CPU.ActiveCfg = Release|Any CPU
		{DF11211B-56A9-4149-9EC6-C85A77A78B4B}.Release|Any CPU.Build.0 = Release|Any CPU
	EndGlobalSection
	GlobalSection(SolutionProperties) = preSolution
		HideSolutionNode = FALSE
	EndGlobalSection
	GlobalSection(ExtensibilityGlobals) = postSolution
		SolutionGuid = {0CC1A2AC-F853-4CC0-ACAB-5E93F3C69C0D}
	EndGlobalSection
EndGlobal
